
Microsoft Visual Studio Solution File, Format Version 12.00
# Visual Studio Version 17
VisualStudioVersion = 17.4.33103.184
MinimumVisualStudioVersion = 10.0.40219.1
Project("{FAE04EC0-301F-11D3-BF4B-00C04F79EFBC}") = "ASPNETMVCCRUD", "ASPNETMVCCRUD\ASPNETMVCCRUD.csproj", "{BEF3A0B4-BF21-4747-A779-3CE42929C11E}"
EndProject
Global
	GlobalSection(SolutionConfigurationPlatforms) = preSolution
		Debug|Any CPU = Debug|Any CPU
		Release|Any CPU = Release|Any CPU
	EndGlobalSection
	GlobalSection(ProjectConfigurationPlatforms) = postSolution
		{BEF3A0B4-BF21-4747-A779-3CE42929C11E}.Debug|Any CPU.ActiveCfg = Debug|Any CPU
		{BEF3A0B4-BF21-4747-A779-3CE42929C11E}.Debug|Any CPU.Build.0 = Debug|Any CPU
		{BEF3A0B4-BF21-4747-A779-3CE42929C11E}.Release|Any CPU.ActiveCfg = Release|Any CPU
		{BEF3A0B4-BF21-4747-A779-3CE42929C11E}.Release|Any CPU.Build.0 = Release|Any CPU
	EndGlobalSection
	GlobalSection(SolutionProperties) = preSolution
		HideSolutionNode = FALSE
	EndGlobalSection
	GlobalSection(ExtensibilityGlobals) = postSolution
		SolutionGuid = {BE967FD2-0B54-4B97-9991-6F0DB9659807}
	EndGlobalSection
EndGlobal
